
Microsoft Visual Studio Solution File, Format Version 12.00
# Visual Studio 15
VisualStudioVersion = 15.0.28307.421
MinimumVisualStudioVersion = 10.0.40219.1
Project("{9A19103F-16F7-4668-BE54-9A1E7A4F7556}") = "CryptoBot", "CryptoBot\CryptoBot.csproj", "{EAE0AA8A-3DDE-4AFE-AA82-D1E5718A0884}"
EndProject
Global
	GlobalSection(SolutionConfigurationPlatforms) = preSolution
		Debug|Any CPU = Debug|Any CPU
		Release|Any CPU = Release|Any CPU
	EndGlobalSection
	GlobalSection(ProjectConfigurationPlatforms) = postSolution
		{EAE0AA8A-3DDE-4AFE-AA82-D1E5718A0884}.Debug|Any CPU.ActiveCfg = Debug|Any CPU
		{EAE0AA8A-3DDE-4AFE-AA82-D1E5718A0884}.Debug|Any CPU.Build.0 = Debug|Any CPU
		{EAE0AA8A-3DDE-4AFE-AA82-D1E5718A0884}.Release|Any CPU.ActiveCfg = Release|Any CPU
		{EAE0AA8A-3DDE-4AFE-AA82-D1E5718A0884}.Release|Any CPU.Build.0 = Release|Any CPU
	EndGlobalSection
	GlobalSection(SolutionProperties) = preSolution
		HideSolutionNode = FALSE
	EndGlobalSection
	GlobalSection(ExtensibilityGlobals) = postSolution
		SolutionGuid = {DC95C68C-5F02-4D1D-B7C1-D106810D3133}
	EndGlobalSection
EndGlobal
